// !$*UTF8*$!
{
	archiveVersion = 1;
	classes = {
	};
	objectVersion = 50;
	objects = {

/* Begin PBXBuildFile section */
		493E598C24825DED001CA5EE /* MainScreenCollectionView.swift in Sources */ = {isa = PBXBuildFile; fileRef = 493E598B24825DED001CA5EE /* MainScreenCollectionView.swift */; };
		493E598F24825E4F001CA5EE /* MainScreenCollectionReusableView.swift in Sources */ = {isa = PBXBuildFile; fileRef = 493E598D24825E4F001CA5EE /* MainScreenCollectionReusableView.swift */; };
		493E599024825E4F001CA5EE /* MainScreenCollectionReusableView.xib in Resources */ = {isa = PBXBuildFile; fileRef = 493E598E24825E4F001CA5EE /* MainScreenCollectionReusableView.xib */; };
		493E599324826B26001CA5EE /* MainCVCell.swift in Sources */ = {isa = PBXBuildFile; fileRef = 493E599124826B26001CA5EE /* MainCVCell.swift */; };
		493E599424826B26001CA5EE /* MainCVCell.xib in Resources */ = {isa = PBXBuildFile; fileRef = 493E599224826B26001CA5EE /* MainCVCell.xib */; };
		49DD20B92480F4F100545E6B /* SubClassVC.swift in Sources */ = {isa = PBXBuildFile; fileRef = 49DD20B82480F4F100545E6B /* SubClassVC.swift */; };
		49E37C0F248031480039A992 /* AppDelegate.swift in Sources */ = {isa = PBXBuildFile; fileRef = 49E37C0E248031480039A992 /* AppDelegate.swift */; };
		49E37C11248031480039A992 /* SceneDelegate.swift in Sources */ = {isa = PBXBuildFile; fileRef = 49E37C10248031480039A992 /* SceneDelegate.swift */; };
		49E37C16248031480039A992 /* Main.storyboard in Resources */ = {isa = PBXBuildFile; fileRef = 49E37C14248031480039A992 /* Main.storyboard */; };
		49E37C182480314A0039A992 /* Assets.xcassets in Resources */ = {isa = PBXBuildFile; fileRef = 49E37C172480314A0039A992 /* Assets.xcassets */; };
		49E37C1B2480314A0039A992 /* LaunchScreen.storyboard in Resources */ = {isa = PBXBuildFile; fileRef = 49E37C192480314A0039A992 /* LaunchScreen.storyboard */; };
		49E37C2A2480590E0039A992 /* Constants .swift in Sources */ = {isa = PBXBuildFile; fileRef = 49E37C292480590E0039A992 /* Constants .swift */; };
		49E37C2C24805A6C0039A992 /* Product.swift in Sources */ = {isa = PBXBuildFile; fileRef = 49E37C2B24805A6C0039A992 /* Product.swift */; };
		49E37C2F24805B500039A992 /* Catalog.swift in Sources */ = {isa = PBXBuildFile; fileRef = 49E37C2E24805B500039A992 /* Catalog.swift */; };
		8E7ED83E2485214B004E16D2 /* Brain.swift in Sources */ = {isa = PBXBuildFile; fileRef = 8E7ED83D2485214B004E16D2 /* Brain.swift */; };
		8E7ED840248522FE004E16D2 /* Extensions.swift in Sources */ = {isa = PBXBuildFile; fileRef = 8E7ED83F248522FE004E16D2 /* Extensions.swift */; };
/* End PBXBuildFile section */

/* Begin PBXFileReference section */
		493E598B24825DED001CA5EE /* MainScreenCollectionView.swift */ = {isa = PBXFileReference; lastKnownFileType = sourcecode.swift; path = MainScreenCollectionView.swift; sourceTree = "<group>"; };
		493E598D24825E4F001CA5EE /* MainScreenCollectionReusableView.swift */ = {isa = PBXFileReference; lastKnownFileType = sourcecode.swift; path = MainScreenCollectionReusableView.swift; sourceTree = "<group>"; };
		493E598E24825E4F001CA5EE /* MainScreenCollectionReusableView.xib */ = {isa = PBXFileReference; lastKnownFileType = file.xib; path = MainScreenCollectionReusableView.xib; sourceTree = "<group>"; };
		493E599124826B26001CA5EE /* MainCVCell.swift */ = {isa = PBXFileReference; lastKnownFileType = sourcecode.swift; path = MainCVCell.swift; sourceTree = "<group>"; };
		493E599224826B26001CA5EE /* MainCVCell.xib */ = {isa = PBXFileReference; lastKnownFileType = file.xib; path = MainCVCell.xib; sourceTree = "<group>"; };
		49DD20B82480F4F100545E6B /* SubClassVC.swift */ = {isa = PBXFileReference; lastKnownFileType = sourcecode.swift; path = SubClassVC.swift; sourceTree = "<group>"; };
		49E37C0B248031480039A992 /* OnlineShop.app */ = {isa = PBXFileReference; explicitFileType = wrapper.application; includeInIndex = 0; path = OnlineShop.app; sourceTree = BUILT_PRODUCTS_DIR; };
		49E37C0E248031480039A992 /* AppDelegate.swift */ = {isa = PBXFileReference; lastKnownFileType = sourcecode.swift; path = AppDelegate.swift; sourceTree = "<group>"; };
		49E37C10248031480039A992 /* SceneDelegate.swift */ = {isa = PBXFileReference; lastKnownFileType = sourcecode.swift; path = SceneDelegate.swift; sourceTree = "<group>"; };
		49E37C15248031480039A992 /* Base */ = {isa = PBXFileReference; lastKnownFileType = file.storyboard; name = Base; path = Base.lproj/Main.storyboard; sourceTree = "<group>"; };
		49E37C172480314A0039A992 /* Assets.xcassets */ = {isa = PBXFileReference; lastKnownFileType = folder.assetcatalog; path = Assets.xcassets; sourceTree = "<group>"; };
		49E37C1A2480314A0039A992 /* Base */ = {isa = PBXFileReference; lastKnownFileType = file.storyboard; name = Base; path = Base.lproj/LaunchScreen.storyboard; sourceTree = "<group>"; };
		49E37C1C2480314A0039A992 /* Info.plist */ = {isa = PBXFileReference; lastKnownFileType = text.plist.xml; path = Info.plist; sourceTree = "<group>"; };
		49E37C292480590E0039A992 /* Constants .swift */ = {isa = PBXFileReference; lastKnownFileType = sourcecode.swift; path = "Constants .swift"; sourceTree = "<group>"; };
		49E37C2B24805A6C0039A992 /* Product.swift */ = {isa = PBXFileReference; lastKnownFileType = sourcecode.swift; path = Product.swift; sourceTree = "<group>"; };
		49E37C2E24805B500039A992 /* Catalog.swift */ = {isa = PBXFileReference; lastKnownFileType = sourcecode.swift; path = Catalog.swift; sourceTree = "<group>"; };
		8E7ED83D2485214B004E16D2 /* Brain.swift */ = {isa = PBXFileReference; lastKnownFileType = sourcecode.swift; path = Brain.swift; sourceTree = "<group>"; };
		8E7ED83F248522FE004E16D2 /* Extensions.swift */ = {isa = PBXFileReference; lastKnownFileType = sourcecode.swift; path = Extensions.swift; sourceTree = "<group>"; };
/* End PBXFileReference section */

/* Begin PBXFrameworksBuildPhase section */
		49E37C08248031480039A992 /* Frameworks */ = {
			isa = PBXFrameworksBuildPhase;
			buildActionMask = 2147483647;
			files = (
			);
			runOnlyForDeploymentPostprocessing = 0;
		};
/* End PBXFrameworksBuildPhase section */

/* Begin PBXGroup section */
		49E37C02248031480039A992 = {
			isa = PBXGroup;
			children = (
				49E37C0D248031480039A992 /* OnlineShop */,
				49E37C0C248031480039A992 /* Products */,
			);
			sourceTree = "<group>";
		};
		49E37C0C248031480039A992 /* Products */ = {
			isa = PBXGroup;
			children = (
				49E37C0B248031480039A992 /* OnlineShop.app */,
			);
			name = Products;
			sourceTree = "<group>";
		};
		49E37C0D248031480039A992 /* OnlineShop */ = {
			isa = PBXGroup;
			children = (
				49E37C2D24805A710039A992 /* Data */,
				49E37C22248031B80039A992 /* Model */,
				49E37C23248031CC0039A992 /* View */,
				49E37C28248037E20039A992 /* Model */,
				49E37C172480314A0039A992 /* Assets.xcassets */,
				49E37C192480314A0039A992 /* LaunchScreen.storyboard */,
				49E37C1C2480314A0039A992 /* Info.plist */,
				8E7ED83C2484FE7F004E16D2 /* Support files */,
			);
			path = OnlineShop;
			sourceTree = "<group>";
		};
		49E37C22248031B80039A992 /* Model */ = {
			isa = PBXGroup;
			children = (
				49DD20B82480F4F100545E6B /* SubClassVC.swift */,
				493E598B24825DED001CA5EE /* MainScreenCollectionView.swift */,
			);
			path = Model;
			sourceTree = "<group>";
		};
		49E37C23248031CC0039A992 /* View */ = {
			isa = PBXGroup;
			children = (
				49E37C14248031480039A992 /* Main.storyboard */,
			);
			path = View;
			sourceTree = "<group>";
		};
		49E37C28248037E20039A992 /* Model */ = {
			isa = PBXGroup;
			children = (
				49E37C292480590E0039A992 /* Constants .swift */,
				493E598D24825E4F001CA5EE /* MainScreenCollectionReusableView.swift */,
				493E598E24825E4F001CA5EE /* MainScreenCollectionReusableView.xib */,
				493E599124826B26001CA5EE /* MainCVCell.swift */,
				493E599224826B26001CA5EE /* MainCVCell.xib */,
			);
			name = Model;
			path = View/Model;
			sourceTree = "<group>";
		};
		49E37C2D24805A710039A992 /* Data */ = {
			isa = PBXGroup;
			children = (
				49E37C2B24805A6C0039A992 /* Product.swift */,
				49E37C2E24805B500039A992 /* Catalog.swift */,
				8E7ED83D2485214B004E16D2 /* Brain.swift */,
			);
			path = Data;
			sourceTree = "<group>";
		};
		8E7ED83C2484FE7F004E16D2 /* Support files */ = {
			isa = PBXGroup;
			children = (
				49E37C0E248031480039A992 /* AppDelegate.swift */,
				49E37C10248031480039A992 /* SceneDelegate.swift */,
				8E7ED83F248522FE004E16D2 /* Extensions.swift */,
			);
			path = "Support files";
			sourceTree = "<group>";
		};
/* End PBXGroup section */

/* Begin PBXNativeTarget section */
		49E37C0A248031480039A992 /* OnlineShop */ = {
			isa = PBXNativeTarget;
			buildConfigurationList = 49E37C1F2480314A0039A992 /* Build configuration list for PBXNativeTarget "OnlineShop" */;
			buildPhases = (
				49E37C07248031480039A992 /* Sources */,
				49E37C08248031480039A992 /* Frameworks */,
				49E37C09248031480039A992 /* Resources */,
			);
			buildRules = (
			);
			dependencies = (
			);
			name = OnlineShop;
			productName = OnlineShop;
			productReference = 49E37C0B248031480039A992 /* OnlineShop.app */;
			productType = "com.apple.product-type.application";
		};
/* End PBXNativeTarget section */

/* Begin PBXProject section */
		49E37C03248031480039A992 /* Project object */ = {
			isa = PBXProject;
			attributes = {
				LastSwiftUpdateCheck = 1150;
				LastUpgradeCheck = 1150;
				ORGANIZATIONNAME = Kamil;
				TargetAttributes = {
					49E37C0A248031480039A992 = {
						CreatedOnToolsVersion = 11.5;
					};
				};
			};
			buildConfigurationList = 49E37C06248031480039A992 /* Build configuration list for PBXProject "OnlineShop" */;
			compatibilityVersion = "Xcode 9.3";
			developmentRegion = en;
			hasScannedForEncodings = 0;
			knownRegions = (
				en,
				Base,
			);
			mainGroup = 49E37C02248031480039A992;
			productRefGroup = 49E37C0C248031480039A992 /* Products */;
			projectDirPath = "";
			projectRoot = "";
			targets = (
				49E37C0A248031480039A992 /* OnlineShop */,
			);
		};
/* End PBXProject section */

/* Begin PBXResourcesBuildPhase section */
		49E37C09248031480039A992 /* Resources */ = {
			isa = PBXResourcesBuildPhase;
			buildActionMask = 2147483647;
			files = (
				49E37C1B2480314A0039A992 /* LaunchScreen.storyboard in Resources */,
				49E37C182480314A0039A992 /* Assets.xcassets in Resources */,
				49E37C16248031480039A992 /* Main.storyboard in Resources */,
				493E599024825E4F001CA5EE /* MainScreenCollectionReusableView.xib in Resources */,
				493E599424826B26001CA5EE /* MainCVCell.xib in Resources */,
			);
			runOnlyForDeploymentPostprocessing = 0;
		};
/* End PBXResourcesBuildPhase section */

/* Begin PBXSourcesBuildPhase section */
		49E37C07248031480039A992 /* Sources */ = {
			isa = PBXSourcesBuildPhase;
			buildActionMask = 2147483647;
			files = (
				493E598F24825E4F001CA5EE /* MainScreenCollectionReusableView.swift in Sources */,
				49E37C2A2480590E0039A992 /* Constants .swift in Sources */,
				493E599324826B26001CA5EE /* MainCVCell.swift in Sources */,
				493E598C24825DED001CA5EE /* MainScreenCollectionView.swift in Sources */,
				49E37C2C24805A6C0039A992 /* Product.swift in Sources */,
				8E7ED840248522FE004E16D2 /* Extensions.swift in Sources */,
				49DD20B92480F4F100545E6B /* SubClassVC.swift in Sources */,
				49E37C2F24805B500039A992 /* Catalog.swift in Sources */,
				49E37C0F248031480039A992 /* AppDelegate.swift in Sources */,
				8E7ED83E2485214B004E16D2 /* Brain.swift in Sources */,
				49E37C11248031480039A992 /* SceneDelegate.swift in Sources */,
			);
			runOnlyForDeploymentPostprocessing = 0;
		};
/* End PBXSourcesBuildPhase section */

/* Begin PBXVariantGroup section */
		49E37C14248031480039A992 /* Main.storyboard */ = {
			isa = PBXVariantGroup;
			children = (
				49E37C15248031480039A992 /* Base */,
			);
			name = Main.storyboard;
			sourceTree = "<group>";
		};
		49E37C192480314A0039A992 /* LaunchScreen.storyboard */ = {
			isa = PBXVariantGroup;
			children = (
				49E37C1A2480314A0039A992 /* Base */,
			);
			name = LaunchScreen.storyboard;
			sourceTree = "<group>";
		};
/* End PBXVariantGroup section */

/* Begin XCBuildConfiguration section */
		49E37C1D2480314A0039A992 /* Debug */ = {
			isa = XCBuildConfiguration;
			buildSettings = {
				ALWAYS_SEARCH_USER_PATHS = NO;
				CLANG_ANALYZER_NONNULL = YES;
				CLANG_ANALYZER_NUMBER_OBJECT_CONVERSION = YES_AGGRESSIVE;
				CLANG_CXX_LANGUAGE_STANDARD = "gnu++14";
				CLANG_CXX_LIBRARY = "libc++";
				CLANG_ENABLE_MODULES = YES;
				CLANG_ENABLE_OBJC_ARC = YES;
				CLANG_ENABLE_OBJC_WEAK = YES;
				CLANG_WARN_BLOCK_CAPTURE_AUTORELEASING = YES;
				CLANG_WARN_BOOL_CONVERSION = YES;
				CLANG_WARN_COMMA = YES;
				CLANG_WARN_CONSTANT_CONVERSION = YES;
				CLANG_WARN_DEPRECATED_OBJC_IMPLEMENTATIONS = YES;
				CLANG_WARN_DIRECT_OBJC_ISA_USAGE = YES_ERROR;
				CLANG_WARN_DOCUMENTATION_COMMENTS = YES;
				CLANG_WARN_EMPTY_BODY = YES;
				CLANG_WARN_ENUM_CONVERSION = YES;
				CLANG_WARN_INFINITE_RECURSION = YES;
				CLANG_WARN_INT_CONVERSION = YES;
				CLANG_WARN_NON_LITERAL_NULL_CONVERSION = YES;
				CLANG_WARN_OBJC_IMPLICIT_RETAIN_SELF = YES;
				CLANG_WARN_OBJC_LITERAL_CONVERSION = YES;
				CLANG_WARN_OBJC_ROOT_CLASS = YES_ERROR;
				CLANG_WARN_RANGE_LOOP_ANALYSIS = YES;
				CLANG_WARN_STRICT_PROTOTYPES = YES;
				CLANG_WARN_SUSPICIOUS_MOVE = YES;
				CLANG_WARN_UNGUARDED_AVAILABILITY = YES_AGGRESSIVE;
				CLANG_WARN_UNREACHABLE_CODE = YES;
				CLANG_WARN__DUPLICATE_METHOD_MATCH = YES;
				COPY_PHASE_STRIP = NO;
				DEBUG_INFORMATION_FORMAT = dwarf;
				ENABLE_STRICT_OBJC_MSGSEND = YES;
				ENABLE_TESTABILITY = YES;
				GCC_C_LANGUAGE_STANDARD = gnu11;
				GCC_DYNAMIC_NO_PIC = NO;
				GCC_NO_COMMON_BLOCKS = YES;
				GCC_OPTIMIZATION_LEVEL = 0;
				GCC_PREPROCESSOR_DEFINITIONS = (
					"DEBUG=1",
					"$(inherited)",
				);
				GCC_WARN_64_TO_32_BIT_CONVERSION = YES;
				GCC_WARN_ABOUT_RETURN_TYPE = YES_ERROR;
				GCC_WARN_UNDECLARED_SELECTOR = YES;
				GCC_WARN_UNINITIALIZED_AUTOS = YES_AGGRESSIVE;
				GCC_WARN_UNUSED_FUNCTION = YES;
				GCC_WARN_UNUSED_VARIABLE = YES;
				IPHONEOS_DEPLOYMENT_TARGET = 13.5;
				MTL_ENABLE_DEBUG_INFO = INCLUDE_SOURCE;
				MTL_FAST_MATH = YES;
				ONLY_ACTIVE_ARCH = YES;
				SDKROOT = iphoneos;
				SWIFT_ACTIVE_COMPILATION_CONDITIONS = DEBUG;
				SWIFT_OPTIMIZATION_LEVEL = "-Onone";
			};
			name = Debug;
		};
		49E37C1E2480314A0039A992 /* Release */ = {
			isa = XCBuildConfiguration;
			buildSettings = {
				ALWAYS_SEARCH_USER_PATHS = NO;
				CLANG_ANALYZER_NONNULL = YES;
				CLANG_ANALYZER_NUMBER_OBJECT_CONVERSION = YES_AGGRESSIVE;
				CLANG_CXX_LANGUAGE_STANDARD = "gnu++14";
				CLANG_CXX_LIBRARY = "libc++";
				CLANG_ENABLE_MODULES = YES;
				CLANG_ENABLE_OBJC_ARC = YES;
				CLANG_ENABLE_OBJC_WEAK = YES;
				CLANG_WARN_BLOCK_CAPTURE_AUTORELEASING = YES;
				CLANG_WARN_BOOL_CONVERSION = YES;
				CLANG_WARN_COMMA = YES;
				CLANG_WARN_CONSTANT_CONVERSION = YES;
				CLANG_WARN_DEPRECATED_OBJC_IMPLEMENTATIONS = YES;
				CLANG_WARN_DIRECT_OBJC_ISA_USAGE = YES_ERROR;
				CLANG_WARN_DOCUMENTATION_COMMENTS = YES;
				CLANG_WARN_EMPTY_BODY = YES;
				CLANG_WARN_ENUM_CONVERSION = YES;
				CLANG_WARN_INFINITE_RECURSION = YES;
				CLANG_WARN_INT_CONVERSION = YES;
				CLANG_WARN_NON_LITERAL_NULL_CONVERSION = YES;
				CLANG_WARN_OBJC_IMPLICIT_RETAIN_SELF = YES;
				CLANG_WARN_OBJC_LITERAL_CONVERSION = YES;
				CLANG_WARN_OBJC_ROOT_CLASS = YES_ERROR;
				CLANG_WARN_RANGE_LOOP_ANALYSIS = YES;
				CLANG_WARN_STRICT_PROTOTYPES = YES;
				CLANG_WARN_SUSPICIOUS_MOVE = YES;
				CLANG_WARN_UNGUARDED_AVAILABILITY = YES_AGGRESSIVE;
				CLANG_WARN_UNREACHABLE_CODE = YES;
				CLANG_WARN__DUPLICATE_METHOD_MATCH = YES;
				COPY_PHASE_STRIP = NO;
				DEBUG_INFORMATION_FORMAT = "dwarf-with-dsym";
				ENABLE_NS_ASSERTIONS = NO;
				ENABLE_STRICT_OBJC_MSGSEND = YES;
				GCC_C_LANGUAGE_STANDARD = gnu11;
				GCC_NO_COMMON_BLOCKS = YES;
				GCC_WARN_64_TO_32_BIT_CONVERSION = YES;
				GCC_WARN_ABOUT_RETURN_TYPE = YES_ERROR;
				GCC_WARN_UNDECLARED_SELECTOR = YES;
				GCC_WARN_UNINITIALIZED_AUTOS = YES_AGGRESSIVE;
				GCC_WARN_UNUSED_FUNCTION = YES;
				GCC_WARN_UNUSED_VARIABLE = YES;
				IPHONEOS_DEPLOYMENT_TARGET = 13.5;
				MTL_ENABLE_DEBUG_INFO = NO;
				MTL_FAST_MATH = YES;
				SDKROOT = iphoneos;
				SWIFT_COMPILATION_MODE = wholemodule;
				SWIFT_OPTIMIZATION_LEVEL = "-O";
				VALIDATE_PRODUCT = YES;
			};
			name = Release;
		};
		49E37C202480314A0039A992 /* Debug */ = {
			isa = XCBuildConfiguration;
			buildSettings = {
				ASSETCATALOG_COMPILER_APPICON_NAME = AppIcon;
				CODE_SIGN_STYLE = Automatic;
				DEVELOPMENT_TEAM = XWJ7U5B2BL;
				INFOPLIST_FILE = OnlineShop/Info.plist;
				IPHONEOS_DEPLOYMENT_TARGET = 13.0;
				LD_RUNPATH_SEARCH_PATHS = (
					"$(inherited)",
					"@executable_path/Frameworks",
				);
				PRODUCT_BUNDLE_IDENTIFIER = krakatoor.OnlineShop;
				PRODUCT_NAME = "$(TARGET_NAME)";
				SWIFT_VERSION = 5.0;
				TARGETED_DEVICE_FAMILY = "1,2";
			};
			name = Debug;
		};
		49E37C212480314A0039A992 /* Release */ = {
			isa = XCBuildConfiguration;
			buildSettings = {
				ASSETCATALOG_COMPILER_APPICON_NAME = AppIcon;
				CODE_SIGN_STYLE = Automatic;
				DEVELOPMENT_TEAM = XWJ7U5B2BL;
				INFOPLIST_FILE = OnlineShop/Info.plist;
				IPHONEOS_DEPLOYMENT_TARGET = 13.0;
				LD_RUNPATH_SEARCH_PATHS = (
					"$(inherited)",
					"@executable_path/Frameworks",
				);
				PRODUCT_BUNDLE_IDENTIFIER = krakatoor.OnlineShop;
				PRODUCT_NAME = "$(TARGET_NAME)";
				SWIFT_VERSION = 5.0;
				TARGETED_DEVICE_FAMILY = "1,2";
			};
			name = Release;
		};
/* End XCBuildConfiguration section */

/* Begin XCConfigurationList section */
		49E37C06248031480039A992 /* Build configuration list for PBXProject "OnlineShop" */ = {
			isa = XCConfigurationList;
			buildConfigurations = (
				49E37C1D2480314A0039A992 /* Debug */,
				49E37C1E2480314A0039A992 /* Release */,
			);
			defaultConfigurationIsVisible = 0;
			defaultConfigurationName = Release;
		};
		49E37C1F2480314A0039A992 /* Build configuration list for PBXNativeTarget "OnlineShop" */ = {
			isa = XCConfigurationList;
			buildConfigurations = (
				49E37C202480314A0039A992 /* Debug */,
				49E37C212480314A0039A992 /* Release */,
			);
			defaultConfigurationIsVisible = 0;
			defaultConfigurationName = Release;
		};
/* End XCConfigurationList section */
	};
	rootObject = 49E37C03248031480039A992 /* Project object */;
}
