// !$*UTF8*$!
{
	archiveVersion = 1;
	classes = {
	};
	objectVersion = 51;
	objects = {

/* Begin PBXBuildFile section */
		4928BF1F2486B71200616000 /* AccountViewController.swift in Sources */ = {isa = PBXBuildFile; fileRef = 4928BF1E2486B71200616000 /* AccountViewController.swift */; };
		4928BF212486B72500616000 /* PhoneViewController.swift in Sources */ = {isa = PBXBuildFile; fileRef = 4928BF202486B72500616000 /* PhoneViewController.swift */; };
		4928BF232486B73000616000 /* CapchaViewController.swift in Sources */ = {isa = PBXBuildFile; fileRef = 4928BF222486B73000616000 /* CapchaViewController.swift */; };
		492AAEC72487FC0B0048348D /* tests.swift in Sources */ = {isa = PBXBuildFile; fileRef = 492AAEC62487FC0B0048348D /* tests.swift */; };
		49301EBE248ED2E400517FAE /* SubClassVC.swift in Sources */ = {isa = PBXBuildFile; fileRef = 49301EBD248ED2E400517FAE /* SubClassVC.swift */; };
		49301EC3248ED40000517FAE /* SubCell.swift in Sources */ = {isa = PBXBuildFile; fileRef = 49301EC1248ED40000517FAE /* SubCell.swift */; };
		49301EC4248ED40000517FAE /* SubCell.xib in Resources */ = {isa = PBXBuildFile; fileRef = 49301EC2248ED40000517FAE /* SubCell.xib */; };
		49301EC6248FA29900517FAE /* Item.swift in Sources */ = {isa = PBXBuildFile; fileRef = 49301EC5248FA29900517FAE /* Item.swift */; };
		49301EC8248FA91400517FAE /* AddItemViewController.swift in Sources */ = {isa = PBXBuildFile; fileRef = 49301EC7248FA91400517FAE /* AddItemViewController.swift */; };
		493E598C24825DED001CA5EE /* MainScreenCollectionView.swift in Sources */ = {isa = PBXBuildFile; fileRef = 493E598B24825DED001CA5EE /* MainScreenCollectionView.swift */; };
		493E598F24825E4F001CA5EE /* Header.swift in Sources */ = {isa = PBXBuildFile; fileRef = 493E598D24825E4F001CA5EE /* Header.swift */; };
		493E599324826B26001CA5EE /* MainCVCell.swift in Sources */ = {isa = PBXBuildFile; fileRef = 493E599124826B26001CA5EE /* MainCVCell.swift */; };
		493E599424826B26001CA5EE /* MainCVCell.xib in Resources */ = {isa = PBXBuildFile; fileRef = 493E599224826B26001CA5EE /* MainCVCell.xib */; };
		493E599624859026001CA5EE /* MapViewController.swift in Sources */ = {isa = PBXBuildFile; fileRef = 493E599524859026001CA5EE /* MapViewController.swift */; };
		498AC423248CED9F00332E2C /* FirebaseCollectionReferense.swift in Sources */ = {isa = PBXBuildFile; fileRef = 498AC422248CED9F00332E2C /* FirebaseCollectionReferense.swift */; };
		4994E802249537420064DDCD /* Basket.swift in Sources */ = {isa = PBXBuildFile; fileRef = 4994E801249537420064DDCD /* Basket.swift */; };
		4994E80424953F4C0064DDCD /* BasketViewController.swift in Sources */ = {isa = PBXBuildFile; fileRef = 4994E80324953F4C0064DDCD /* BasketViewController.swift */; };
		49CED84924927F04001EA4A0 /* Reachabilty.swift in Sources */ = {isa = PBXBuildFile; fileRef = 49CED84824927F04001EA4A0 /* Reachabilty.swift */; };
		49CED84B24927F88001EA4A0 /* Download.swift in Sources */ = {isa = PBXBuildFile; fileRef = 49CED84A24927F88001EA4A0 /* Download.swift */; };
		49CED84D2492C45E001EA4A0 /* HelperFunctions.swift in Sources */ = {isa = PBXBuildFile; fileRef = 49CED84C2492C45E001EA4A0 /* HelperFunctions.swift */; };
		49CED84F24936B9D001EA4A0 /* ItemViewController.swift in Sources */ = {isa = PBXBuildFile; fileRef = 49CED84E24936B9D001EA4A0 /* ItemViewController.swift */; };
		49CED8512493736B001EA4A0 /* ImageCollectionViewCell.swift in Sources */ = {isa = PBXBuildFile; fileRef = 49CED8502493736B001EA4A0 /* ImageCollectionViewCell.swift */; };
		49E37C0F248031480039A992 /* AppDelegate.swift in Sources */ = {isa = PBXBuildFile; fileRef = 49E37C0E248031480039A992 /* AppDelegate.swift */; };
		49E37C11248031480039A992 /* SceneDelegate.swift in Sources */ = {isa = PBXBuildFile; fileRef = 49E37C10248031480039A992 /* SceneDelegate.swift */; };
		49E37C16248031480039A992 /* Main.storyboard in Resources */ = {isa = PBXBuildFile; fileRef = 49E37C14248031480039A992 /* Main.storyboard */; };
		49E37C182480314A0039A992 /* Assets.xcassets in Resources */ = {isa = PBXBuildFile; fileRef = 49E37C172480314A0039A992 /* Assets.xcassets */; };
		49E37C1B2480314A0039A992 /* LaunchScreen.storyboard in Resources */ = {isa = PBXBuildFile; fileRef = 49E37C192480314A0039A992 /* LaunchScreen.storyboard */; };
		49E37C2A2480590E0039A992 /* Constants .swift in Sources */ = {isa = PBXBuildFile; fileRef = 49E37C292480590E0039A992 /* Constants .swift */; };
		49E37C2F24805B500039A992 /* Category.swift in Sources */ = {isa = PBXBuildFile; fileRef = 49E37C2E24805B500039A992 /* Category.swift */; };
		49FE1ADD2486D543005EEE9E /* GoogleService-Info.plist in Resources */ = {isa = PBXBuildFile; fileRef = 49FE1ADC2486D542005EEE9E /* GoogleService-Info.plist */; };
		7F3118FFACA7C2B9F86A7A99 /* Pods_OnlineShop.framework in Frameworks */ = {isa = PBXBuildFile; fileRef = D08D8E9556DA74B7B6222933 /* Pods_OnlineShop.framework */; };
		8E7ED840248522FE004E16D2 /* Extensions.swift in Sources */ = {isa = PBXBuildFile; fileRef = 8E7ED83F248522FE004E16D2 /* Extensions.swift */; };
/* End PBXBuildFile section */

/* Begin PBXFileReference section */
		4928BF1E2486B71200616000 /* AccountViewController.swift */ = {isa = PBXFileReference; lastKnownFileType = sourcecode.swift; path = AccountViewController.swift; sourceTree = "<group>"; };
		4928BF202486B72500616000 /* PhoneViewController.swift */ = {isa = PBXFileReference; lastKnownFileType = sourcecode.swift; path = PhoneViewController.swift; sourceTree = "<group>"; };
		4928BF222486B73000616000 /* CapchaViewController.swift */ = {isa = PBXFileReference; lastKnownFileType = sourcecode.swift; path = CapchaViewController.swift; sourceTree = "<group>"; };
		492AAEC62487FC0B0048348D /* tests.swift */ = {isa = PBXFileReference; lastKnownFileType = sourcecode.swift; path = tests.swift; sourceTree = "<group>"; };
		49301EBD248ED2E400517FAE /* SubClassVC.swift */ = {isa = PBXFileReference; lastKnownFileType = sourcecode.swift; path = SubClassVC.swift; sourceTree = "<group>"; };
		49301EC1248ED40000517FAE /* SubCell.swift */ = {isa = PBXFileReference; lastKnownFileType = sourcecode.swift; path = SubCell.swift; sourceTree = "<group>"; };
		49301EC2248ED40000517FAE /* SubCell.xib */ = {isa = PBXFileReference; lastKnownFileType = file.xib; path = SubCell.xib; sourceTree = "<group>"; };
		49301EC5248FA29900517FAE /* Item.swift */ = {isa = PBXFileReference; lastKnownFileType = sourcecode.swift; path = Item.swift; sourceTree = "<group>"; };
		49301EC7248FA91400517FAE /* AddItemViewController.swift */ = {isa = PBXFileReference; lastKnownFileType = sourcecode.swift; path = AddItemViewController.swift; sourceTree = "<group>"; };
		493E598B24825DED001CA5EE /* MainScreenCollectionView.swift */ = {isa = PBXFileReference; lastKnownFileType = sourcecode.swift; path = MainScreenCollectionView.swift; sourceTree = "<group>"; };
		493E598D24825E4F001CA5EE /* Header.swift */ = {isa = PBXFileReference; lastKnownFileType = sourcecode.swift; path = Header.swift; sourceTree = "<group>"; };
		493E599124826B26001CA5EE /* MainCVCell.swift */ = {isa = PBXFileReference; lastKnownFileType = sourcecode.swift; path = MainCVCell.swift; sourceTree = "<group>"; };
		493E599224826B26001CA5EE /* MainCVCell.xib */ = {isa = PBXFileReference; lastKnownFileType = file.xib; path = MainCVCell.xib; sourceTree = "<group>"; };
		493E599524859026001CA5EE /* MapViewController.swift */ = {isa = PBXFileReference; lastKnownFileType = sourcecode.swift; path = MapViewController.swift; sourceTree = "<group>"; };
		498AC422248CED9F00332E2C /* FirebaseCollectionReferense.swift */ = {isa = PBXFileReference; lastKnownFileType = sourcecode.swift; path = FirebaseCollectionReferense.swift; sourceTree = "<group>"; };
		4994E801249537420064DDCD /* Basket.swift */ = {isa = PBXFileReference; lastKnownFileType = sourcecode.swift; path = Basket.swift; sourceTree = "<group>"; };
		4994E80324953F4C0064DDCD /* BasketViewController.swift */ = {isa = PBXFileReference; lastKnownFileType = sourcecode.swift; path = BasketViewController.swift; sourceTree = "<group>"; };
		49CED84824927F04001EA4A0 /* Reachabilty.swift */ = {isa = PBXFileReference; lastKnownFileType = sourcecode.swift; path = Reachabilty.swift; sourceTree = "<group>"; };
		49CED84A24927F88001EA4A0 /* Download.swift */ = {isa = PBXFileReference; lastKnownFileType = sourcecode.swift; path = Download.swift; sourceTree = "<group>"; };
		49CED84C2492C45E001EA4A0 /* HelperFunctions.swift */ = {isa = PBXFileReference; lastKnownFileType = sourcecode.swift; path = HelperFunctions.swift; sourceTree = "<group>"; };
		49CED84E24936B9D001EA4A0 /* ItemViewController.swift */ = {isa = PBXFileReference; lastKnownFileType = sourcecode.swift; path = ItemViewController.swift; sourceTree = "<group>"; };
		49CED8502493736B001EA4A0 /* ImageCollectionViewCell.swift */ = {isa = PBXFileReference; lastKnownFileType = sourcecode.swift; path = ImageCollectionViewCell.swift; sourceTree = "<group>"; };
		49E37C0B248031480039A992 /* OnlineShop.app */ = {isa = PBXFileReference; explicitFileType = wrapper.application; includeInIndex = 0; path = OnlineShop.app; sourceTree = BUILT_PRODUCTS_DIR; };
		49E37C0E248031480039A992 /* AppDelegate.swift */ = {isa = PBXFileReference; lastKnownFileType = sourcecode.swift; path = AppDelegate.swift; sourceTree = "<group>"; };
		49E37C10248031480039A992 /* SceneDelegate.swift */ = {isa = PBXFileReference; lastKnownFileType = sourcecode.swift; path = SceneDelegate.swift; sourceTree = "<group>"; };
		49E37C15248031480039A992 /* Base */ = {isa = PBXFileReference; lastKnownFileType = file.storyboard; name = Base; path = Base.lproj/Main.storyboard; sourceTree = "<group>"; };
		49E37C172480314A0039A992 /* Assets.xcassets */ = {isa = PBXFileReference; lastKnownFileType = folder.assetcatalog; path = Assets.xcassets; sourceTree = "<group>"; };
		49E37C1A2480314A0039A992 /* Base */ = {isa = PBXFileReference; lastKnownFileType = file.storyboard; name = Base; path = Base.lproj/LaunchScreen.storyboard; sourceTree = "<group>"; };
		49E37C1C2480314A0039A992 /* Info.plist */ = {isa = PBXFileReference; lastKnownFileType = text.plist.xml; path = Info.plist; sourceTree = "<group>"; };
		49E37C292480590E0039A992 /* Constants .swift */ = {isa = PBXFileReference; lastKnownFileType = sourcecode.swift; path = "Constants .swift"; sourceTree = "<group>"; };
		49E37C2E24805B500039A992 /* Category.swift */ = {isa = PBXFileReference; lastKnownFileType = sourcecode.swift; path = Category.swift; sourceTree = "<group>"; };
		49FE1ADC2486D542005EEE9E /* GoogleService-Info.plist */ = {isa = PBXFileReference; fileEncoding = 4; lastKnownFileType = text.plist.xml; path = "GoogleService-Info.plist"; sourceTree = "<group>"; };
		790B924BD62D240EFC3BB300 /* Pods-OnlineShop.debug.xcconfig */ = {isa = PBXFileReference; includeInIndex = 1; lastKnownFileType = text.xcconfig; name = "Pods-OnlineShop.debug.xcconfig"; path = "Target Support Files/Pods-OnlineShop/Pods-OnlineShop.debug.xcconfig"; sourceTree = "<group>"; };
		8E7ED83F248522FE004E16D2 /* Extensions.swift */ = {isa = PBXFileReference; lastKnownFileType = sourcecode.swift; path = Extensions.swift; sourceTree = "<group>"; };
		8FB805DC25F7EE1B86491DE8 /* Pods-OnlineShop.release.xcconfig */ = {isa = PBXFileReference; includeInIndex = 1; lastKnownFileType = text.xcconfig; name = "Pods-OnlineShop.release.xcconfig"; path = "Target Support Files/Pods-OnlineShop/Pods-OnlineShop.release.xcconfig"; sourceTree = "<group>"; };
		D08D8E9556DA74B7B6222933 /* Pods_OnlineShop.framework */ = {isa = PBXFileReference; explicitFileType = wrapper.framework; includeInIndex = 0; path = Pods_OnlineShop.framework; sourceTree = BUILT_PRODUCTS_DIR; };
/* End PBXFileReference section */

/* Begin PBXFrameworksBuildPhase section */
		49E37C08248031480039A992 /* Frameworks */ = {
			isa = PBXFrameworksBuildPhase;
			buildActionMask = 2147483647;
			files = (
				7F3118FFACA7C2B9F86A7A99 /* Pods_OnlineShop.framework in Frameworks */,
			);
			runOnlyForDeploymentPostprocessing = 0;
		};
/* End PBXFrameworksBuildPhase section */

/* Begin PBXGroup section */
		498AC424248CEF0B00332E2C /* Custom Cells */ = {
			isa = PBXGroup;
			children = (
				493E598D24825E4F001CA5EE /* Header.swift */,
				493E599124826B26001CA5EE /* MainCVCell.swift */,
				493E599224826B26001CA5EE /* MainCVCell.xib */,
				49301EC1248ED40000517FAE /* SubCell.swift */,
				49301EC2248ED40000517FAE /* SubCell.xib */,
				49CED8502493736B001EA4A0 /* ImageCollectionViewCell.swift */,
			);
			path = "Custom Cells";
			sourceTree = "<group>";
		};
		49E37C02248031480039A992 = {
			isa = PBXGroup;
			children = (
				49E37C0D248031480039A992 /* OnlineShop */,
				49E37C0C248031480039A992 /* Products */,
				870399C2220A580B7AC99C1A /* Pods */,
				FF0DAB4EDCDE33FC238C8155 /* Frameworks */,
				492AAEC62487FC0B0048348D /* tests.swift */,
			);
			sourceTree = "<group>";
		};
		49E37C0C248031480039A992 /* Products */ = {
			isa = PBXGroup;
			children = (
				49E37C0B248031480039A992 /* OnlineShop.app */,
			);
			name = Products;
			sourceTree = "<group>";
		};
		49E37C0D248031480039A992 /* OnlineShop */ = {
			isa = PBXGroup;
			children = (
				49E37C292480590E0039A992 /* Constants .swift */,
				49E37C2D24805A710039A992 /* Data */,
				49E37C22248031B80039A992 /* Model */,
				49E37C23248031CC0039A992 /* View */,
				49E37C172480314A0039A992 /* Assets.xcassets */,
				498AC424248CEF0B00332E2C /* Custom Cells */,
				8E7ED83C2484FE7F004E16D2 /* Support files */,
				49E37C1C2480314A0039A992 /* Info.plist */,
				49FE1ADC2486D542005EEE9E /* GoogleService-Info.plist */,
			);
			path = OnlineShop;
			sourceTree = "<group>";
		};
		49E37C22248031B80039A992 /* Model */ = {
			isa = PBXGroup;
			children = (
				493E598B24825DED001CA5EE /* MainScreenCollectionView.swift */,
				49301EBD248ED2E400517FAE /* SubClassVC.swift */,
				49CED84E24936B9D001EA4A0 /* ItemViewController.swift */,
				49301EC7248FA91400517FAE /* AddItemViewController.swift */,
				4994E80324953F4C0064DDCD /* BasketViewController.swift */,
				493E599524859026001CA5EE /* MapViewController.swift */,
				4928BF1E2486B71200616000 /* AccountViewController.swift */,
				4928BF202486B72500616000 /* PhoneViewController.swift */,
				4928BF222486B73000616000 /* CapchaViewController.swift */,
			);
			path = Model;
			sourceTree = "<group>";
		};
		49E37C23248031CC0039A992 /* View */ = {
			isa = PBXGroup;
			children = (
				49E37C14248031480039A992 /* Main.storyboard */,
			);
			path = View;
			sourceTree = "<group>";
		};
		49E37C2D24805A710039A992 /* Data */ = {
			isa = PBXGroup;
			children = (
				49E37C2E24805B500039A992 /* Category.swift */,
				49301EC5248FA29900517FAE /* Item.swift */,
				4994E801249537420064DDCD /* Basket.swift */,
			);
			path = Data;
			sourceTree = "<group>";
		};
		870399C2220A580B7AC99C1A /* Pods */ = {
			isa = PBXGroup;
			children = (
				790B924BD62D240EFC3BB300 /* Pods-OnlineShop.debug.xcconfig */,
				8FB805DC25F7EE1B86491DE8 /* Pods-OnlineShop.release.xcconfig */,
			);
			path = Pods;
			sourceTree = "<group>";
		};
		8E7ED83C2484FE7F004E16D2 /* Support files */ = {
			isa = PBXGroup;
			children = (
				498AC422248CED9F00332E2C /* FirebaseCollectionReferense.swift */,
				49E37C192480314A0039A992 /* LaunchScreen.storyboard */,
				49E37C0E248031480039A992 /* AppDelegate.swift */,
				49E37C10248031480039A992 /* SceneDelegate.swift */,
				8E7ED83F248522FE004E16D2 /* Extensions.swift */,
				49CED84824927F04001EA4A0 /* Reachabilty.swift */,
				49CED84A24927F88001EA4A0 /* Download.swift */,
				49CED84C2492C45E001EA4A0 /* HelperFunctions.swift */,
			);
			path = "Support files";
			sourceTree = "<group>";
		};
		FF0DAB4EDCDE33FC238C8155 /* Frameworks */ = {
			isa = PBXGroup;
			children = (
				D08D8E9556DA74B7B6222933 /* Pods_OnlineShop.framework */,
			);
			name = Frameworks;
			sourceTree = "<group>";
		};
/* End PBXGroup section */

/* Begin PBXNativeTarget section */
		49E37C0A248031480039A992 /* OnlineShop */ = {
			isa = PBXNativeTarget;
			buildConfigurationList = 49E37C1F2480314A0039A992 /* Build configuration list for PBXNativeTarget "OnlineShop" */;
			buildPhases = (
				1710FAFF1E2829FA8FBA5F94 /* [CP] Check Pods Manifest.lock */,
				49E37C07248031480039A992 /* Sources */,
				49E37C08248031480039A992 /* Frameworks */,
				49E37C09248031480039A992 /* Resources */,
				B7F9EF7212F9FD032EC3882A /* [CP] Embed Pods Frameworks */,
				D3EF81E0AD71A483D1C9B754 /* [CP] Copy Pods Resources */,
			);
			buildRules = (
			);
			dependencies = (
			);
			name = OnlineShop;
			productName = OnlineShop;
			productReference = 49E37C0B248031480039A992 /* OnlineShop.app */;
			productType = "com.apple.product-type.application";
		};
/* End PBXNativeTarget section */

/* Begin PBXProject section */
		49E37C03248031480039A992 /* Project object */ = {
			isa = PBXProject;
			attributes = {
				LastSwiftUpdateCheck = 1150;
				LastUpgradeCheck = 1150;
				ORGANIZATIONNAME = Kamil;
				TargetAttributes = {
					49E37C0A248031480039A992 = {
						CreatedOnToolsVersion = 11.5;
					};
				};
			};
			buildConfigurationList = 49E37C06248031480039A992 /* Build configuration list for PBXProject "OnlineShop" */;
			compatibilityVersion = "Xcode 9.3";
			developmentRegion = en;
			hasScannedForEncodings = 0;
			knownRegions = (
				en,
				Base,
			);
			mainGroup = 49E37C02248031480039A992;
			productRefGroup = 49E37C0C248031480039A992 /* Products */;
			projectDirPath = "";
			projectRoot = "";
			targets = (
				49E37C0A248031480039A992 /* OnlineShop */,
			);
		};
/* End PBXProject section */

/* Begin PBXResourcesBuildPhase section */
		49E37C09248031480039A992 /* Resources */ = {
			isa = PBXResourcesBuildPhase;
			buildActionMask = 2147483647;
			files = (
				49E37C1B2480314A0039A992 /* LaunchScreen.storyboard in Resources */,
				49E37C182480314A0039A992 /* Assets.xcassets in Resources */,
				49301EC4248ED40000517FAE /* SubCell.xib in Resources */,
				49E37C16248031480039A992 /* Main.storyboard in Resources */,
				493E599424826B26001CA5EE /* MainCVCell.xib in Resources */,
				49FE1ADD2486D543005EEE9E /* GoogleService-Info.plist in Resources */,
			);
			runOnlyForDeploymentPostprocessing = 0;
		};
/* End PBXResourcesBuildPhase section */

/* Begin PBXShellScriptBuildPhase section */
		1710FAFF1E2829FA8FBA5F94 /* [CP] Check Pods Manifest.lock */ = {
			isa = PBXShellScriptBuildPhase;
			buildActionMask = 2147483647;
			files = (
			);
			inputFileListPaths = (
			);
			inputPaths = (
				"${PODS_PODFILE_DIR_PATH}/Podfile.lock",
				"${PODS_ROOT}/Manifest.lock",
			);
			name = "[CP] Check Pods Manifest.lock";
			outputFileListPaths = (
			);
			outputPaths = (
				"$(DERIVED_FILE_DIR)/Pods-OnlineShop-checkManifestLockResult.txt",
			);
			runOnlyForDeploymentPostprocessing = 0;
			shellPath = /bin/sh;
			shellScript = "diff \"${PODS_PODFILE_DIR_PATH}/Podfile.lock\" \"${PODS_ROOT}/Manifest.lock\" > /dev/null\nif [ $? != 0 ] ; then\n    # print error to STDERR\n    echo \"error: The sandbox is not in sync with the Podfile.lock. Run 'pod install' or update your CocoaPods installation.\" >&2\n    exit 1\nfi\n# This output is used by Xcode 'outputs' to avoid re-running this script phase.\necho \"SUCCESS\" > \"${SCRIPT_OUTPUT_FILE_0}\"\n";
			showEnvVarsInLog = 0;
		};
		B7F9EF7212F9FD032EC3882A /* [CP] Embed Pods Frameworks */ = {
			isa = PBXShellScriptBuildPhase;
			buildActionMask = 2147483647;
			files = (
			);
			inputFileListPaths = (
				"${PODS_ROOT}/Target Support Files/Pods-OnlineShop/Pods-OnlineShop-frameworks-${CONFIGURATION}-input-files.xcfilelist",
			);
			name = "[CP] Embed Pods Frameworks";
			outputFileListPaths = (
				"${PODS_ROOT}/Target Support Files/Pods-OnlineShop/Pods-OnlineShop-frameworks-${CONFIGURATION}-output-files.xcfilelist",
			);
			runOnlyForDeploymentPostprocessing = 0;
			shellPath = /bin/sh;
			shellScript = "\"${PODS_ROOT}/Target Support Files/Pods-OnlineShop/Pods-OnlineShop-frameworks.sh\"\n";
			showEnvVarsInLog = 0;
		};
		D3EF81E0AD71A483D1C9B754 /* [CP] Copy Pods Resources */ = {
			isa = PBXShellScriptBuildPhase;
			buildActionMask = 2147483647;
			files = (
			);
			inputFileListPaths = (
				"${PODS_ROOT}/Target Support Files/Pods-OnlineShop/Pods-OnlineShop-resources-${CONFIGURATION}-input-files.xcfilelist",
			);
			name = "[CP] Copy Pods Resources";
			outputFileListPaths = (
				"${PODS_ROOT}/Target Support Files/Pods-OnlineShop/Pods-OnlineShop-resources-${CONFIGURATION}-output-files.xcfilelist",
			);
			runOnlyForDeploymentPostprocessing = 0;
			shellPath = /bin/sh;
			shellScript = "\"${PODS_ROOT}/Target Support Files/Pods-OnlineShop/Pods-OnlineShop-resources.sh\"\n";
			showEnvVarsInLog = 0;
		};
/* End PBXShellScriptBuildPhase section */

/* Begin PBXSourcesBuildPhase section */
		49E37C07248031480039A992 /* Sources */ = {
			isa = PBXSourcesBuildPhase;
			buildActionMask = 2147483647;
			files = (
				493E598F24825E4F001CA5EE /* Header.swift in Sources */,
				49E37C2A2480590E0039A992 /* Constants .swift in Sources */,
				4994E80424953F4C0064DDCD /* BasketViewController.swift in Sources */,
				49301EC6248FA29900517FAE /* Item.swift in Sources */,
				49CED84924927F04001EA4A0 /* Reachabilty.swift in Sources */,
				49301EC3248ED40000517FAE /* SubCell.swift in Sources */,
				4928BF1F2486B71200616000 /* AccountViewController.swift in Sources */,
				49301EC8248FA91400517FAE /* AddItemViewController.swift in Sources */,
				4928BF232486B73000616000 /* CapchaViewController.swift in Sources */,
				4994E802249537420064DDCD /* Basket.swift in Sources */,
				49301EBE248ED2E400517FAE /* SubClassVC.swift in Sources */,
				49CED84B24927F88001EA4A0 /* Download.swift in Sources */,
				493E599324826B26001CA5EE /* MainCVCell.swift in Sources */,
				49CED84F24936B9D001EA4A0 /* ItemViewController.swift in Sources */,
				493E598C24825DED001CA5EE /* MainScreenCollectionView.swift in Sources */,
				8E7ED840248522FE004E16D2 /* Extensions.swift in Sources */,
				492AAEC72487FC0B0048348D /* tests.swift in Sources */,
				49CED84D2492C45E001EA4A0 /* HelperFunctions.swift in Sources */,
				49CED8512493736B001EA4A0 /* ImageCollectionViewCell.swift in Sources */,
				493E599624859026001CA5EE /* MapViewController.swift in Sources */,
				49E37C2F24805B500039A992 /* Category.swift in Sources */,
				49E37C0F248031480039A992 /* AppDelegate.swift in Sources */,
				49E37C11248031480039A992 /* SceneDelegate.swift in Sources */,
				498AC423248CED9F00332E2C /* FirebaseCollectionReferense.swift in Sources */,
				4928BF212486B72500616000 /* PhoneViewController.swift in Sources */,
			);
			runOnlyForDeploymentPostprocessing = 0;
		};
/* End PBXSourcesBuildPhase section */

/* Begin PBXVariantGroup section */
		49E37C14248031480039A992 /* Main.storyboard */ = {
			isa = PBXVariantGroup;
			children = (
				49E37C15248031480039A992 /* Base */,
			);
			name = Main.storyboard;
			sourceTree = "<group>";
		};
		49E37C192480314A0039A992 /* LaunchScreen.storyboard */ = {
			isa = PBXVariantGroup;
			children = (
				49E37C1A2480314A0039A992 /* Base */,
			);
			name = LaunchScreen.storyboard;
			sourceTree = "<group>";
		};
/* End PBXVariantGroup section */

/* Begin XCBuildConfiguration section */
		49E37C1D2480314A0039A992 /* Debug */ = {
			isa = XCBuildConfiguration;
			buildSettings = {
				ALWAYS_SEARCH_USER_PATHS = NO;
				CLANG_ANALYZER_NONNULL = YES;
				CLANG_ANALYZER_NUMBER_OBJECT_CONVERSION = YES_AGGRESSIVE;
				CLANG_CXX_LANGUAGE_STANDARD = "gnu++14";
				CLANG_CXX_LIBRARY = "libc++";
				CLANG_ENABLE_MODULES = YES;
				CLANG_ENABLE_OBJC_ARC = YES;
				CLANG_ENABLE_OBJC_WEAK = YES;
				CLANG_WARN_BLOCK_CAPTURE_AUTORELEASING = YES;
				CLANG_WARN_BOOL_CONVERSION = YES;
				CLANG_WARN_COMMA = YES;
				CLANG_WARN_CONSTANT_CONVERSION = YES;
				CLANG_WARN_DEPRECATED_OBJC_IMPLEMENTATIONS = YES;
				CLANG_WARN_DIRECT_OBJC_ISA_USAGE = YES_ERROR;
				CLANG_WARN_DOCUMENTATION_COMMENTS = YES;
				CLANG_WARN_EMPTY_BODY = YES;
				CLANG_WARN_ENUM_CONVERSION = YES;
				CLANG_WARN_INFINITE_RECURSION = YES;
				CLANG_WARN_INT_CONVERSION = YES;
				CLANG_WARN_NON_LITERAL_NULL_CONVERSION = YES;
				CLANG_WARN_OBJC_IMPLICIT_RETAIN_SELF = YES;
				CLANG_WARN_OBJC_LITERAL_CONVERSION = YES;
				CLANG_WARN_OBJC_ROOT_CLASS = YES_ERROR;
				CLANG_WARN_RANGE_LOOP_ANALYSIS = YES;
				CLANG_WARN_STRICT_PROTOTYPES = YES;
				CLANG_WARN_SUSPICIOUS_MOVE = YES;
				CLANG_WARN_UNGUARDED_AVAILABILITY = YES_AGGRESSIVE;
				CLANG_WARN_UNREACHABLE_CODE = YES;
				CLANG_WARN__DUPLICATE_METHOD_MATCH = YES;
				COPY_PHASE_STRIP = NO;
				DEBUG_INFORMATION_FORMAT = dwarf;
				ENABLE_STRICT_OBJC_MSGSEND = YES;
				ENABLE_TESTABILITY = YES;
				GCC_C_LANGUAGE_STANDARD = gnu11;
				GCC_DYNAMIC_NO_PIC = NO;
				GCC_NO_COMMON_BLOCKS = YES;
				GCC_OPTIMIZATION_LEVEL = 0;
				GCC_PREPROCESSOR_DEFINITIONS = (
					"DEBUG=1",
					"$(inherited)",
				);
				GCC_WARN_64_TO_32_BIT_CONVERSION = YES;
				GCC_WARN_ABOUT_RETURN_TYPE = YES_ERROR;
				GCC_WARN_UNDECLARED_SELECTOR = YES;
				GCC_WARN_UNINITIALIZED_AUTOS = YES_AGGRESSIVE;
				GCC_WARN_UNUSED_FUNCTION = YES;
				GCC_WARN_UNUSED_VARIABLE = YES;
				IPHONEOS_DEPLOYMENT_TARGET = 13.5;
				MTL_ENABLE_DEBUG_INFO = INCLUDE_SOURCE;
				MTL_FAST_MATH = YES;
				ONLY_ACTIVE_ARCH = YES;
				SDKROOT = iphoneos;
				SWIFT_ACTIVE_COMPILATION_CONDITIONS = DEBUG;
				SWIFT_OPTIMIZATION_LEVEL = "-Onone";
			};
			name = Debug;
		};
		49E37C1E2480314A0039A992 /* Release */ = {
			isa = XCBuildConfiguration;
			buildSettings = {
				ALWAYS_SEARCH_USER_PATHS = NO;
				CLANG_ANALYZER_NONNULL = YES;
				CLANG_ANALYZER_NUMBER_OBJECT_CONVERSION = YES_AGGRESSIVE;
				CLANG_CXX_LANGUAGE_STANDARD = "gnu++14";
				CLANG_CXX_LIBRARY = "libc++";
				CLANG_ENABLE_MODULES = YES;
				CLANG_ENABLE_OBJC_ARC = YES;
				CLANG_ENABLE_OBJC_WEAK = YES;
				CLANG_WARN_BLOCK_CAPTURE_AUTORELEASING = YES;
				CLANG_WARN_BOOL_CONVERSION = YES;
				CLANG_WARN_COMMA = YES;
				CLANG_WARN_CONSTANT_CONVERSION = YES;
				CLANG_WARN_DEPRECATED_OBJC_IMPLEMENTATIONS = YES;
				CLANG_WARN_DIRECT_OBJC_ISA_USAGE = YES_ERROR;
				CLANG_WARN_DOCUMENTATION_COMMENTS = YES;
				CLANG_WARN_EMPTY_BODY = YES;
				CLANG_WARN_ENUM_CONVERSION = YES;
				CLANG_WARN_INFINITE_RECURSION = YES;
				CLANG_WARN_INT_CONVERSION = YES;
				CLANG_WARN_NON_LITERAL_NULL_CONVERSION = YES;
				CLANG_WARN_OBJC_IMPLICIT_RETAIN_SELF = YES;
				CLANG_WARN_OBJC_LITERAL_CONVERSION = YES;
				CLANG_WARN_OBJC_ROOT_CLASS = YES_ERROR;
				CLANG_WARN_RANGE_LOOP_ANALYSIS = YES;
				CLANG_WARN_STRICT_PROTOTYPES = YES;
				CLANG_WARN_SUSPICIOUS_MOVE = YES;
				CLANG_WARN_UNGUARDED_AVAILABILITY = YES_AGGRESSIVE;
				CLANG_WARN_UNREACHABLE_CODE = YES;
				CLANG_WARN__DUPLICATE_METHOD_MATCH = YES;
				COPY_PHASE_STRIP = NO;
				DEBUG_INFORMATION_FORMAT = "dwarf-with-dsym";
				ENABLE_NS_ASSERTIONS = NO;
				ENABLE_STRICT_OBJC_MSGSEND = YES;
				GCC_C_LANGUAGE_STANDARD = gnu11;
				GCC_NO_COMMON_BLOCKS = YES;
				GCC_WARN_64_TO_32_BIT_CONVERSION = YES;
				GCC_WARN_ABOUT_RETURN_TYPE = YES_ERROR;
				GCC_WARN_UNDECLARED_SELECTOR = YES;
				GCC_WARN_UNINITIALIZED_AUTOS = YES_AGGRESSIVE;
				GCC_WARN_UNUSED_FUNCTION = YES;
				GCC_WARN_UNUSED_VARIABLE = YES;
				IPHONEOS_DEPLOYMENT_TARGET = 13.5;
				MTL_ENABLE_DEBUG_INFO = NO;
				MTL_FAST_MATH = YES;
				SDKROOT = iphoneos;
				SWIFT_COMPILATION_MODE = wholemodule;
				SWIFT_OPTIMIZATION_LEVEL = "-O";
				VALIDATE_PRODUCT = YES;
			};
			name = Release;
		};
		49E37C202480314A0039A992 /* Debug */ = {
			isa = XCBuildConfiguration;
			baseConfigurationReference = 790B924BD62D240EFC3BB300 /* Pods-OnlineShop.debug.xcconfig */;
			buildSettings = {
				ASSETCATALOG_COMPILER_APPICON_NAME = AppIcon;
				CODE_SIGN_STYLE = Automatic;
				DEVELOPMENT_TEAM = XWJ7U5B2BL;
				INFOPLIST_FILE = OnlineShop/Info.plist;
				IPHONEOS_DEPLOYMENT_TARGET = 13.0;
				LD_RUNPATH_SEARCH_PATHS = (
					"$(inherited)",
					"@executable_path/Frameworks",
				);
				PRODUCT_BUNDLE_IDENTIFIER = krakatoor.OnlineShop;
				PRODUCT_NAME = "$(TARGET_NAME)";
				SWIFT_VERSION = 5.0;
				TARGETED_DEVICE_FAMILY = "1,2";
			};
			name = Debug;
		};
		49E37C212480314A0039A992 /* Release */ = {
			isa = XCBuildConfiguration;
			baseConfigurationReference = 8FB805DC25F7EE1B86491DE8 /* Pods-OnlineShop.release.xcconfig */;
			buildSettings = {
				ASSETCATALOG_COMPILER_APPICON_NAME = AppIcon;
				CODE_SIGN_STYLE = Automatic;
				DEVELOPMENT_TEAM = XWJ7U5B2BL;
				INFOPLIST_FILE = OnlineShop/Info.plist;
				IPHONEOS_DEPLOYMENT_TARGET = 13.0;
				LD_RUNPATH_SEARCH_PATHS = (
					"$(inherited)",
					"@executable_path/Frameworks",
				);
				PRODUCT_BUNDLE_IDENTIFIER = krakatoor.OnlineShop;
				PRODUCT_NAME = "$(TARGET_NAME)";
				SWIFT_VERSION = 5.0;
				TARGETED_DEVICE_FAMILY = "1,2";
			};
			name = Release;
		};
/* End XCBuildConfiguration section */

/* Begin XCConfigurationList section */
		49E37C06248031480039A992 /* Build configuration list for PBXProject "OnlineShop" */ = {
			isa = XCConfigurationList;
			buildConfigurations = (
				49E37C1D2480314A0039A992 /* Debug */,
				49E37C1E2480314A0039A992 /* Release */,
			);
			defaultConfigurationIsVisible = 0;
			defaultConfigurationName = Release;
		};
		49E37C1F2480314A0039A992 /* Build configuration list for PBXNativeTarget "OnlineShop" */ = {
			isa = XCConfigurationList;
			buildConfigurations = (
				49E37C202480314A0039A992 /* Debug */,
				49E37C212480314A0039A992 /* Release */,
			);
			defaultConfigurationIsVisible = 0;
			defaultConfigurationName = Release;
		};
/* End XCConfigurationList section */
	};
	rootObject = 49E37C03248031480039A992 /* Project object */;
}
